{"1.2.0",
[{<<"accept">>,{pkg,<<"accept">>,<<"0.3.7">>},1},
 {<<"cowlib">>,{pkg,<<"cowlib">>,<<"2.13.0">>},1},
 {<<"ddskerl">>,{pkg,<<"ddskerl">>,<<"0.4.3">>},1},
 {<<"emqtt">>,
  {git,"https://github.com/emqx/emqtt",
       {ref,"69cf86abde94d6e915ad2e13c0c4e57396f67d56"}},
  0},
 {<<"epgsql">>,{pkg,<<"epgsql">>,<<"4.7.1">>},0},
 {<<"getopt">>,{pkg,<<"getopt">>,<<"1.0.3">>},1},
 {<<"gun">>,{pkg,<<"gun">>,<<"2.1.0">>},1},
 {<<"prometheus">>,{pkg,<<"prometheus">>,<<"6.1.2">>},0},
 {<<"prometheus_httpd">>,{pkg,<<"prometheus_httpd">>,<<"2.1.15">>},0},
 {<<"quicer">>,{pkg,<<"quicer">>,<<"0.2.15">>},1},
 {<<"snabbkaffe">>,{pkg,<<"snabbkaffe">>,<<"1.0.10">>},2}]}.
[
{pkg_hash,[
 {<<"accept">>, <<"CD6E34A2D7E28CA38B2D3CB233734CA0C221EFBC1F171F91FEC5F162CC2D18DA">>},
 {<<"cowlib">>, <<"DB8F7505D8332D98EF50A3EF34B34C1AFDDEC7506E4EE4DD4A3A266285D282CA">>},
 {<<"ddskerl">>, <<"BB97B90EEF1B5906520CEBDD38DA29B18A770B5567F6297927F53566EAE9BEBB">>},
 {<<"epgsql">>, <<"D4E47CAE46C18C8AFA88E34D59A9B4BAE16368D7CE1EB3DA24FA755EB28393EB">>},
 {<<"getopt">>, <<"4F3320C1F6F26B2BEC0F6C6446B943EB927A1E6428EA279A1C6C534906EE79F1">>},
 {<<"gun">>, <<"B4E4CBBF3026D21981C447E9E7CA856766046EFF693720BA43114D7F5DE36E87">>},
 {<<"prometheus">>, <<"E5C3C567CD8B0994425920763405635211183C15BDC47D0CD524807DDE20CA1D">>},
 {<<"prometheus_httpd">>, <<"8F767D819A5D36275EAB9264AFF40D87279151646776069BF69FBDBBD562BD75">>},
 {<<"quicer">>, <<"775FCFA09C9CE5A4A00D23C1C8B1E81CD361EBC847E43BB766EFAC4373CDB1B8">>},
 {<<"snabbkaffe">>, <<"9BE2F54F61FC6862391B666B2B5B76C3FA53598E2989A17CEF1B48CF347A8A63">>}]},
{pkg_hash_ext,[
 {<<"accept">>, <<"CA69388943F5DAD2E7232A5478F16086E3C872F48E32B88B378E1885A59F5649">>},
 {<<"cowlib">>, <<"E1E1284DC3FC030A64B1AD0D8382AE7E99DA46C3246B815318A4B848873800A4">>},
 {<<"ddskerl">>, <<"4E0F6047C6A002CE38F6EA155276DD918CD635FD0A5EDB9E0B46AEB6F7AFF2C2">>},
 {<<"epgsql">>, <<"B6D86B7DC42C8555B1D4E20880E5099D6D6D053148000E188E548F98E4E01836">>},
 {<<"getopt">>, <<"7E01DE90AC540F21494FF72792B1E3162D399966EBBFC674B4CE52CB8F49324F">>},
 {<<"gun">>, <<"52FC7FC246BFC3B00E01AEA1C2854C70A366348574AB50C57DFE796D24A0101D">>},
 {<<"prometheus">>, <<"109662001328112B860DE112D49B575310BE8FF33FE04BF0482EEC4B1E5A1278">>},
 {<<"prometheus_httpd">>, <<"67736D000745184D5013C58A63E947821AB90CB9320BC2E6AE5D3061C6FFE039">>},
 {<<"quicer">>, <<"52236D9384A541341706BCAE438E81B209FA21D2045D3DF317F8BA5BEDA6A8E5">>},
 {<<"snabbkaffe">>, <<"70A98DF36AE756908D55B5770891D443D63C903833E3E87D544036E13D4FAC26">>}]}
].
